// !$*UTF8*$!
{
	archiveVersion = 1;
	classes = {
	};
	objectVersion = 48;
	objects = {

/* Begin PBXBuildFile section */
		BE12CEDBFD457F29CE4900F2 /* Pods_it_cgr_riciclodelpet.framework in Frameworks */ = {isa = PBXBuildFile; fileRef = D74CCD93780B0C56EA9BE1DD /* Pods_it_cgr_riciclodelpet.framework */; };
		F40F28171FFD262100935D7B /* ItemRicetta.swift in Sources */ = {isa = PBXBuildFile; fileRef = F40F28161FFD262100935D7B /* ItemRicetta.swift */; };
		F40F28181FFD262100935D7B /* ItemRicetta.swift in Sources */ = {isa = PBXBuildFile; fileRef = F40F28161FFD262100935D7B /* ItemRicetta.swift */; };
		F40F28191FFD262100935D7B /* ItemRicetta.swift in Sources */ = {isa = PBXBuildFile; fileRef = F40F28161FFD262100935D7B /* ItemRicetta.swift */; };
		F40F281B1FFD267C00935D7B /* ItemProdottoFinito.swift in Sources */ = {isa = PBXBuildFile; fileRef = F40F281A1FFD267C00935D7B /* ItemProdottoFinito.swift */; };
		F40F281C1FFD267C00935D7B /* ItemProdottoFinito.swift in Sources */ = {isa = PBXBuildFile; fileRef = F40F281A1FFD267C00935D7B /* ItemProdottoFinito.swift */; };
		F40F281D1FFD267C00935D7B /* ItemProdottoFinito.swift in Sources */ = {isa = PBXBuildFile; fileRef = F40F281A1FFD267C00935D7B /* ItemProdottoFinito.swift */; };
		F45B893A2040D51E0054EA97 /* ScannerViewController.swift in Sources */ = {isa = PBXBuildFile; fileRef = F45B89392040D51E0054EA97 /* ScannerViewController.swift */; };
		F45C0FB32051F94300B070E7 /* DdtTableViewController.swift in Sources */ = {isa = PBXBuildFile; fileRef = F45C0FB22051F94300B070E7 /* DdtTableViewController.swift */; };
		F45EC47020DCE01100360A1C /* IstruzioniTableViewController.swift in Sources */ = {isa = PBXBuildFile; fileRef = F45EC46F20DCE01100360A1C /* IstruzioniTableViewController.swift */; };
		F45EC47220DCE52C00360A1C /* InsertIstruzioneViewController.swift in Sources */ = {isa = PBXBuildFile; fileRef = F45EC47120DCE52C00360A1C /* InsertIstruzioneViewController.swift */; };
		F45F48302078F9CA001020EE /* OrdineManutenzione.swift in Sources */ = {isa = PBXBuildFile; fileRef = F45F482F2078F9CA001020EE /* OrdineManutenzione.swift */; };
		F4795DA92066F1310001B493 /* FilePDFTableViewController.swift in Sources */ = {isa = PBXBuildFile; fileRef = F4795DA82066F1310001B493 /* FilePDFTableViewController.swift */; };
		F47C63492056A731000A0B69 /* LogoCGR-150dpi-RGB.jpg in Resources */ = {isa = PBXBuildFile; fileRef = F47C63482056A731000A0B69 /* LogoCGR-150dpi-RGB.jpg */; };
		F47C634D2056C21C000A0B69 /* LogoCGR-150dpi-RGB.png in Resources */ = {isa = PBXBuildFile; fileRef = F47C634C2056C21C000A0B69 /* LogoCGR-150dpi-RGB.png */; };
		F47C6351205AF5F9000A0B69 /* InsertDataSIViewController.swift in Sources */ = {isa = PBXBuildFile; fileRef = F47C6350205AF5F9000A0B69 /* InsertDataSIViewController.swift */; };
		F47C6353205B15F7000A0B69 /* MenuTableViewController.swift in Sources */ = {isa = PBXBuildFile; fileRef = F47C6352205B15F7000A0B69 /* MenuTableViewController.swift */; };
		F47C6355205B3DC8000A0B69 /* schedaDiProduzione.html in Resources */ = {isa = PBXBuildFile; fileRef = F47C6354205B3DC8000A0B69 /* schedaDiProduzione.html */; };
		F47C6357205B3DEC000A0B69 /* single_itemSP.html in Resources */ = {isa = PBXBuildFile; fileRef = F47C6356205B3DEC000A0B69 /* single_itemSP.html */; };
		F47C6359205B3DFE000A0B69 /* last_itemSP.html in Resources */ = {isa = PBXBuildFile; fileRef = F47C6358205B3DFE000A0B69 /* last_itemSP.html */; };
		F47C635B205D2627000A0B69 /* SchedaDiProduzioneComposer.swift in Sources */ = {isa = PBXBuildFile; fileRef = F47C635A205D2627000A0B69 /* SchedaDiProduzioneComposer.swift */; };
		F47C635D205DA123000A0B69 /* SchedaDiProduzionePreviewController.swift in Sources */ = {isa = PBXBuildFile; fileRef = F47C635C205DA123000A0B69 /* SchedaDiProduzionePreviewController.swift */; };
		F47C635F2065A31F000A0B69 /* single_item_ricettaSP.html in Resources */ = {isa = PBXBuildFile; fileRef = F47C635E2065A31F000A0B69 /* single_item_ricettaSP.html */; };
		F47C63612065A388000A0B69 /* last_item_ricettaSP.html in Resources */ = {isa = PBXBuildFile; fileRef = F47C63602065A388000A0B69 /* last_item_ricettaSP.html */; };
		F47C63632066B498000A0B69 /* AnagraficaLavorazioniTableViewController.swift in Sources */ = {isa = PBXBuildFile; fileRef = F47C63622066B498000A0B69 /* AnagraficaLavorazioniTableViewController.swift */; };
		F47C63652066B974000A0B69 /* InsertAnagraficaLavorazioneViewController.swift in Sources */ = {isa = PBXBuildFile; fileRef = F47C63642066B974000A0B69 /* InsertAnagraficaLavorazioneViewController.swift */; };
		F489A88A204F121300C8D981 /* InsertPackingListViewController.swift in Sources */ = {isa = PBXBuildFile; fileRef = F489A889204F121300C8D981 /* InsertPackingListViewController.swift */; };
		F489DCBC1FF6945B00E61B72 /* AppDelegate.swift in Sources */ = {isa = PBXBuildFile; fileRef = F489DCBB1FF6945B00E61B72 /* AppDelegate.swift */; };
		F489DCC11FF6945B00E61B72 /* Main.storyboard in Resources */ = {isa = PBXBuildFile; fileRef = F489DCBF1FF6945B00E61B72 /* Main.storyboard */; };
		F489DCC31FF6945B00E61B72 /* Assets.xcassets in Resources */ = {isa = PBXBuildFile; fileRef = F489DCC21FF6945B00E61B72 /* Assets.xcassets */; };
		F489DCC61FF6945B00E61B72 /* LaunchScreen.storyboard in Resources */ = {isa = PBXBuildFile; fileRef = F489DCC41FF6945B00E61B72 /* LaunchScreen.storyboard */; };
		F489DCD11FF6945B00E61B72 /* it_cgr_riciclodelpetTests.swift in Sources */ = {isa = PBXBuildFile; fileRef = F489DCD01FF6945B00E61B72 /* it_cgr_riciclodelpetTests.swift */; };
		F489DCDC1FF6945B00E61B72 /* it_cgr_riciclodelpetUITests.swift in Sources */ = {isa = PBXBuildFile; fileRef = F489DCDB1FF6945B00E61B72 /* it_cgr_riciclodelpetUITests.swift */; };
		F489DCEA1FF6BA4B00E61B72 /* GoogleService-Info.plist in Resources */ = {isa = PBXBuildFile; fileRef = F489DCE91FF6BA4B00E61B72 /* GoogleService-Info.plist */; };
		F489DCEB1FF6BA4B00E61B72 /* GoogleService-Info.plist in Resources */ = {isa = PBXBuildFile; fileRef = F489DCE91FF6BA4B00E61B72 /* GoogleService-Info.plist */; };
		F489DCEC1FF6BA4B00E61B72 /* GoogleService-Info.plist in Resources */ = {isa = PBXBuildFile; fileRef = F489DCE91FF6BA4B00E61B72 /* GoogleService-Info.plist */; };
		F489DCEE1FF6E88300E61B72 /* FbTableViewController.swift in Sources */ = {isa = PBXBuildFile; fileRef = F489DCED1FF6E88300E61B72 /* FbTableViewController.swift */; };
		F489DCEF1FF6E88300E61B72 /* FbTableViewController.swift in Sources */ = {isa = PBXBuildFile; fileRef = F489DCED1FF6E88300E61B72 /* FbTableViewController.swift */; };
		F489DCF01FF6E88300E61B72 /* FbTableViewController.swift in Sources */ = {isa = PBXBuildFile; fileRef = F489DCED1FF6E88300E61B72 /* FbTableViewController.swift */; };
		F49575932211F68E007AD734 /* schedaTecnica.html in Resources */ = {isa = PBXBuildFile; fileRef = F49575922211F68E007AD734 /* schedaTecnica.html */; };
		F4AC890C200A991E0049D188 /* InsertDataViewController.swift in Sources */ = {isa = PBXBuildFile; fileRef = F4E800482003201A002347DE /* InsertDataViewController.swift */; };
		F4AC890D200A991E0049D188 /* InsertDataViewController.swift in Sources */ = {isa = PBXBuildFile; fileRef = F4E800482003201A002347DE /* InsertDataViewController.swift */; };
		F4AC8910200A9A7C0049D188 /* WelcomeViewController.swift in Sources */ = {isa = PBXBuildFile; fileRef = F4AC890A200A98670049D188 /* WelcomeViewController.swift */; };
		F4AC8912200AAD6C0049D188 /* RegisterViewController.swift in Sources */ = {isa = PBXBuildFile; fileRef = F4AC8911200AAD6C0049D188 /* RegisterViewController.swift */; };
		F4AC8914200AB14A0049D188 /* LogInViewController.swift in Sources */ = {isa = PBXBuildFile; fileRef = F4AC8913200AB14A0049D188 /* LogInViewController.swift */; };
		F4C7D5372042C65600337E2C /* PackingListViewController.swift in Sources */ = {isa = PBXBuildFile; fileRef = F4C7D5362042C65600337E2C /* PackingListViewController.swift */; };
		F4C7D539204323F500337E2C /* AnagraficaArticoli.swift in Sources */ = {isa = PBXBuildFile; fileRef = F4C7D538204323F500337E2C /* AnagraficaArticoli.swift */; };
		F4C7D53B204326E100337E2C /* AnagraficaArticoliTableViewController.swift in Sources */ = {isa = PBXBuildFile; fileRef = F4C7D53A204326E100337E2C /* AnagraficaArticoliTableViewController.swift */; };
		F4C7D53D20432E4700337E2C /* InsertAnagraficaArticoloViewController.swift in Sources */ = {isa = PBXBuildFile; fileRef = F4C7D53C20432E4700337E2C /* InsertAnagraficaArticoloViewController.swift */; };
		F4D08A2620B4407B00702E6B /* ManutenzioniTableViewController.swift in Sources */ = {isa = PBXBuildFile; fileRef = F4D08A2520B4407B00702E6B /* ManutenzioniTableViewController.swift */; };
		F4E800492003201A002347DE /* InsertDataViewController.swift in Sources */ = {isa = PBXBuildFile; fileRef = F4E800482003201A002347DE /* InsertDataViewController.swift */; };
		F4E9145520ECEFC00080C056 /* CFNetwork.framework in Frameworks */ = {isa = PBXBuildFile; fileRef = F4E4172220EC123F005F6375 /* CFNetwork.framework */; settings = {ATTRIBUTES = (Required, ); }; };
		F4E9145620ECEFD40080C056 /* MobileCoreServices.framework in Frameworks */ = {isa = PBXBuildFile; fileRef = F4E4172620EC127B005F6375 /* MobileCoreServices.framework */; };
		F4E9145720ECF0020080C056 /* Foundation.framework in Frameworks */ = {isa = PBXBuildFile; fileRef = F4E4172420EC1266005F6375 /* Foundation.framework */; };
		F4E9145820ECF02B0080C056 /* SystemConfiguration.framework in Frameworks */ = {isa = PBXBuildFile; fileRef = F4E4172A20EC1291005F6375 /* SystemConfiguration.framework */; };
		F4E9145920ECF0360080C056 /* Security.framework in Frameworks */ = {isa = PBXBuildFile; fileRef = F4E4172820EC1288005F6375 /* Security.framework */; };
		F4EE0EEC20F6283B006F16C9 /* Pods_it_cgr_riciclodelpet.framework in Frameworks */ = {isa = PBXBuildFile; fileRef = F4EE0EEB20F6283B006F16C9 /* Pods_it_cgr_riciclodelpet.framework */; };
		F4F0E66E20820D8600A0A217 /* MacchinariTableViewCell.swift in Sources */ = {isa = PBXBuildFile; fileRef = F4F0E66D20820D8600A0A217 /* MacchinariTableViewCell.swift */; };
		F4F0E67020820DC700A0A217 /* MacchinariTableViewController.swift in Sources */ = {isa = PBXBuildFile; fileRef = F4F0E66F20820DC700A0A217 /* MacchinariTableViewController.swift */; };
		F4F0E672208214B000A0A217 /* InsertMacchinarioViewController.swift in Sources */ = {isa = PBXBuildFile; fileRef = F4F0E671208214B000A0A217 /* InsertMacchinarioViewController.swift */; };
		F4F9CA3C201DEC8C000698C6 /* DettaglioProduzione.swift in Sources */ = {isa = PBXBuildFile; fileRef = F4F9CA3B201DEC8C000698C6 /* DettaglioProduzione.swift */; };
		F4F9CA3D201DEC92000698C6 /* DettaglioProduzione.swift in Sources */ = {isa = PBXBuildFile; fileRef = F4F9CA3B201DEC8C000698C6 /* DettaglioProduzione.swift */; };
		F4F9CA3E201DEC92000698C6 /* DettaglioProduzione.swift in Sources */ = {isa = PBXBuildFile; fileRef = F4F9CA3B201DEC8C000698C6 /* DettaglioProduzione.swift */; };
		F4F9CA40201E6D19000698C6 /* SchedaTecnicaItem.swift in Sources */ = {isa = PBXBuildFile; fileRef = F4F9CA3F201E6D19000698C6 /* SchedaTecnicaItem.swift */; };
		F4F9CA41201E6D1E000698C6 /* SchedaTecnicaItem.swift in Sources */ = {isa = PBXBuildFile; fileRef = F4F9CA3F201E6D19000698C6 /* SchedaTecnicaItem.swift */; };
		F4F9CA42201E6D1E000698C6 /* SchedaTecnicaItem.swift in Sources */ = {isa = PBXBuildFile; fileRef = F4F9CA3F201E6D19000698C6 /* SchedaTecnicaItem.swift */; };
		F4F9CA44201E71D4000698C6 /* SchedaTecnicaViewController.swift in Sources */ = {isa = PBXBuildFile; fileRef = F4F9CA43201E71D4000698C6 /* SchedaTecnicaViewController.swift */; };
		F4F9CA48202F6F02000698C6 /* InsertRicettaViewController.swift in Sources */ = {isa = PBXBuildFile; fileRef = F4F9CA47202F6F02000698C6 /* InsertRicettaViewController.swift */; };
		F4F9CA4A2037921D000698C6 /* EtichettaViewController.swift in Sources */ = {isa = PBXBuildFile; fileRef = F4F9CA492037921D000698C6 /* EtichettaViewController.swift */; };
		F4FF1E9B2055B5640029E437 /* last_item.html in Resources */ = {isa = PBXBuildFile; fileRef = F4FF1E9A2055B5640029E437 /* last_item.html */; };
		F4FF1E9D2055B56C0029E437 /* packingList.html in Resources */ = {isa = PBXBuildFile; fileRef = F4FF1E9C2055B56C0029E437 /* packingList.html */; };
		F4FF1E9F2055B57B0029E437 /* single_item.html in Resources */ = {isa = PBXBuildFile; fileRef = F4FF1E9E2055B57B0029E437 /* single_item.html */; };
		F4FF1EA72055B8840029E437 /* PackingListComposer.swift in Sources */ = {isa = PBXBuildFile; fileRef = F4FF1EA62055B8840029E437 /* PackingListComposer.swift */; };
		F4FF1EA92055B8ED0029E437 /* PackingListPreviewController.swift in Sources */ = {isa = PBXBuildFile; fileRef = F4FF1EA82055B8ED0029E437 /* PackingListPreviewController.swift */; };
		F4FF1EAB2055B97A0029E437 /* CustomPrintPageRenderer.swift in Sources */ = {isa = PBXBuildFile; fileRef = F4FF1EAA2055B97A0029E437 /* CustomPrintPageRenderer.swift */; };
/* End PBXBuildFile section */

/* Begin PBXContainerItemProxy section */
		F489DCCD1FF6945B00E61B72 /* PBXContainerItemProxy */ = {
			isa = PBXContainerItemProxy;
			containerPortal = F489DCB01FF6945B00E61B72 /* Project object */;
			proxyType = 1;
			remoteGlobalIDString = F489DCB71FF6945B00E61B72;
			remoteInfo = "it.cgr-riciclodelpet";
		};
		F489DCD81FF6945B00E61B72 /* PBXContainerItemProxy */ = {
			isa = PBXContainerItemProxy;
			containerPortal = F489DCB01FF6945B00E61B72 /* Project object */;
			proxyType = 1;
			remoteGlobalIDString = F489DCB71FF6945B00E61B72;
			remoteInfo = "it.cgr-riciclodelpet";
		};
/* End PBXContainerItemProxy section */

/* Begin PBXFileReference section */
		0A5C1789106A4C7E1C72CFA1 /* Pods-it.cgr-riciclodelpet.debug.xcconfig */ = {isa = PBXFileReference; includeInIndex = 1; lastKnownFileType = text.xcconfig; name = "Pods-it.cgr-riciclodelpet.debug.xcconfig"; path = "Pods/Target Support Files/Pods-it.cgr-riciclodelpet/Pods-it.cgr-riciclodelpet.debug.xcconfig"; sourceTree = "<group>"; };
		2AB661F2E3C894D22D033C74 /* Pods-it.cgr-riciclodelpet.release.xcconfig */ = {isa = PBXFileReference; includeInIndex = 1; lastKnownFileType = text.xcconfig; name = "Pods-it.cgr-riciclodelpet.release.xcconfig"; path = "Pods/Target Support Files/Pods-it.cgr-riciclodelpet/Pods-it.cgr-riciclodelpet.release.xcconfig"; sourceTree = "<group>"; };
		63B9CDDF1B26BF53D4ABF37A /* Pods_it_cgr_riciclodelpetUITests.framework */ = {isa = PBXFileReference; explicitFileType = wrapper.framework; includeInIndex = 0; path = Pods_it_cgr_riciclodelpetUITests.framework; sourceTree = BUILT_PRODUCTS_DIR; };
		7612B8CE311723ECF59A953F /* Pods_it_cgr_riciclodelpetTests.framework */ = {isa = PBXFileReference; explicitFileType = wrapper.framework; includeInIndex = 0; path = Pods_it_cgr_riciclodelpetTests.framework; sourceTree = BUILT_PRODUCTS_DIR; };
		D74CCD93780B0C56EA9BE1DD /* Pods_it_cgr_riciclodelpet.framework */ = {isa = PBXFileReference; explicitFileType = wrapper.framework; includeInIndex = 0; path = Pods_it_cgr_riciclodelpet.framework; sourceTree = BUILT_PRODUCTS_DIR; };
		F40F28161FFD262100935D7B /* ItemRicetta.swift */ = {isa = PBXFileReference; lastKnownFileType = sourcecode.swift; path = ItemRicetta.swift; sourceTree = "<group>"; };
		F40F281A1FFD267C00935D7B /* ItemProdottoFinito.swift */ = {isa = PBXFileReference; lastKnownFileType = sourcecode.swift; path = ItemProdottoFinito.swift; sourceTree = "<group>"; };
		F45B89392040D51E0054EA97 /* ScannerViewController.swift */ = {isa = PBXFileReference; lastKnownFileType = sourcecode.swift; path = ScannerViewController.swift; sourceTree = "<group>"; };
		F45C0FB22051F94300B070E7 /* DdtTableViewController.swift */ = {isa = PBXFileReference; lastKnownFileType = sourcecode.swift; path = DdtTableViewController.swift; sourceTree = "<group>"; };
		F45EC46F20DCE01100360A1C /* IstruzioniTableViewController.swift */ = {isa = PBXFileReference; lastKnownFileType = sourcecode.swift; path = IstruzioniTableViewController.swift; sourceTree = "<group>"; };
		F45EC47120DCE52C00360A1C /* InsertIstruzioneViewController.swift */ = {isa = PBXFileReference; lastKnownFileType = sourcecode.swift; path = InsertIstruzioneViewController.swift; sourceTree = "<group>"; };
		F45F482F2078F9CA001020EE /* OrdineManutenzione.swift */ = {isa = PBXFileReference; lastKnownFileType = sourcecode.swift; path = OrdineManutenzione.swift; sourceTree = "<group>"; };
		F4795DA82066F1310001B493 /* FilePDFTableViewController.swift */ = {isa = PBXFileReference; lastKnownFileType = sourcecode.swift; path = FilePDFTableViewController.swift; sourceTree = "<group>"; };
		F47C63482056A731000A0B69 /* LogoCGR-150dpi-RGB.jpg */ = {isa = PBXFileReference; lastKnownFileType = image.jpeg; path = "LogoCGR-150dpi-RGB.jpg"; sourceTree = "<group>"; };
		F47C634C2056C21C000A0B69 /* LogoCGR-150dpi-RGB.png */ = {isa = PBXFileReference; lastKnownFileType = image.png; path = "LogoCGR-150dpi-RGB.png"; sourceTree = "<group>"; };
		F47C6350205AF5F9000A0B69 /* InsertDataSIViewController.swift */ = {isa = PBXFileReference; lastKnownFileType = sourcecode.swift; path = InsertDataSIViewController.swift; sourceTree = "<group>"; };
		F47C6352205B15F7000A0B69 /* MenuTableViewController.swift */ = {isa = PBXFileReference; lastKnownFileType = sourcecode.swift; path = MenuTableViewController.swift; sourceTree = "<group>"; };
		F47C6354205B3DC8000A0B69 /* schedaDiProduzione.html */ = {isa = PBXFileReference; lastKnownFileType = text.html; path = schedaDiProduzione.html; sourceTree = "<group>"; };
		F47C6356205B3DEC000A0B69 /* single_itemSP.html */ = {isa = PBXFileReference; lastKnownFileType = text.html; path = single_itemSP.html; sourceTree = "<group>"; };
		F47C6358205B3DFE000A0B69 /* last_itemSP.html */ = {isa = PBXFileReference; lastKnownFileType = text.html; path = last_itemSP.html; sourceTree = "<group>"; };
		F47C635A205D2627000A0B69 /* SchedaDiProduzioneComposer.swift */ = {isa = PBXFileReference; lastKnownFileType = sourcecode.swift; path = SchedaDiProduzioneComposer.swift; sourceTree = "<group>"; };
		F47C635C205DA123000A0B69 /* SchedaDiProduzionePreviewController.swift */ = {isa = PBXFileReference; lastKnownFileType = sourcecode.swift; path = SchedaDiProduzionePreviewController.swift; sourceTree = "<group>"; };
		F47C635E2065A31F000A0B69 /* single_item_ricettaSP.html */ = {isa = PBXFileReference; lastKnownFileType = text.html; path = single_item_ricettaSP.html; sourceTree = "<group>"; };
		F47C63602065A388000A0B69 /* last_item_ricettaSP.html */ = {isa = PBXFileReference; lastKnownFileType = text.html; path = last_item_ricettaSP.html; sourceTree = "<group>"; };
		F47C63622066B498000A0B69 /* AnagraficaLavorazioniTableViewController.swift */ = {isa = PBXFileReference; lastKnownFileType = sourcecode.swift; path = AnagraficaLavorazioniTableViewController.swift; sourceTree = "<group>"; };
		F47C63642066B974000A0B69 /* InsertAnagraficaLavorazioneViewController.swift */ = {isa = PBXFileReference; lastKnownFileType = sourcecode.swift; path = InsertAnagraficaLavorazioneViewController.swift; sourceTree = "<group>"; };
		F489A889204F121300C8D981 /* InsertPackingListViewController.swift */ = {isa = PBXFileReference; lastKnownFileType = sourcecode.swift; path = InsertPackingListViewController.swift; sourceTree = "<group>"; };
		F489DCB81FF6945B00E61B72 /* it.cgr-riciclodelpet.app */ = {isa = PBXFileReference; explicitFileType = wrapper.application; includeInIndex = 0; path = "it.cgr-riciclodelpet.app"; sourceTree = BUILT_PRODUCTS_DIR; };
		F489DCBB1FF6945B00E61B72 /* AppDelegate.swift */ = {isa = PBXFileReference; lastKnownFileType = sourcecode.swift; path = AppDelegate.swift; sourceTree = "<group>"; };
		F489DCC01FF6945B00E61B72 /* Base */ = {isa = PBXFileReference; lastKnownFileType = file.storyboard; name = Base; path = Base.lproj/Main.storyboard; sourceTree = "<group>"; };
		F489DCC21FF6945B00E61B72 /* Assets.xcassets */ = {isa = PBXFileReference; lastKnownFileType = folder.assetcatalog; path = Assets.xcassets; sourceTree = "<group>"; };
		F489DCC51FF6945B00E61B72 /* Base */ = {isa = PBXFileReference; lastKnownFileType = file.storyboard; name = Base; path = Base.lproj/LaunchScreen.storyboard; sourceTree = "<group>"; };
		F489DCC71FF6945B00E61B72 /* Info.plist */ = {isa = PBXFileReference; lastKnownFileType = text.plist.xml; path = Info.plist; sourceTree = "<group>"; };
		F489DCCC1FF6945B00E61B72 /* it.cgr-riciclodelpetTests.xctest */ = {isa = PBXFileReference; explicitFileType = wrapper.cfbundle; includeInIndex = 0; path = "it.cgr-riciclodelpetTests.xctest"; sourceTree = BUILT_PRODUCTS_DIR; };
		F489DCD01FF6945B00E61B72 /* it_cgr_riciclodelpetTests.swift */ = {isa = PBXFileReference; lastKnownFileType = sourcecode.swift; path = it_cgr_riciclodelpetTests.swift; sourceTree = "<group>"; };
		F489DCD21FF6945B00E61B72 /* Info.plist */ = {isa = PBXFileReference; lastKnownFileType = text.plist.xml; path = Info.plist; sourceTree = "<group>"; };
		F489DCD71FF6945B00E61B72 /* it.cgr-riciclodelpetUITests.xctest */ = {isa = PBXFileReference; explicitFileType = wrapper.cfbundle; includeInIndex = 0; path = "it.cgr-riciclodelpetUITests.xctest"; sourceTree = BUILT_PRODUCTS_DIR; };
		F489DCDB1FF6945B00E61B72 /* it_cgr_riciclodelpetUITests.swift */ = {isa = PBXFileReference; lastKnownFileType = sourcecode.swift; path = it_cgr_riciclodelpetUITests.swift; sourceTree = "<group>"; };
		F489DCDD1FF6945B00E61B72 /* Info.plist */ = {isa = PBXFileReference; lastKnownFileType = text.plist.xml; path = Info.plist; sourceTree = "<group>"; };
		F489DCE91FF6BA4B00E61B72 /* GoogleService-Info.plist */ = {isa = PBXFileReference; fileEncoding = 4; lastKnownFileType = text.plist.xml; name = "GoogleService-Info.plist"; path = "../../../../Downloads/GoogleService-Info.plist"; sourceTree = "<group>"; };
		F489DCED1FF6E88300E61B72 /* FbTableViewController.swift */ = {isa = PBXFileReference; lastKnownFileType = sourcecode.swift; path = FbTableViewController.swift; sourceTree = "<group>"; };
		F49575922211F68E007AD734 /* schedaTecnica.html */ = {isa = PBXFileReference; fileEncoding = 4; lastKnownFileType = text.html; path = schedaTecnica.html; sourceTree = "<group>"; };
		F4AC890A200A98670049D188 /* WelcomeViewController.swift */ = {isa = PBXFileReference; lastKnownFileType = sourcecode.swift; path = WelcomeViewController.swift; sourceTree = "<group>"; };
		F4AC8911200AAD6C0049D188 /* RegisterViewController.swift */ = {isa = PBXFileReference; fileEncoding = 4; lastKnownFileType = sourcecode.swift; name = RegisterViewController.swift; path = "../../../../../Downloads/Flash-Chat-iOS11-master/Flash Chat/RegisterViewController.swift"; sourceTree = "<group>"; };
		F4AC8913200AB14A0049D188 /* LogInViewController.swift */ = {isa = PBXFileReference; fileEncoding = 4; lastKnownFileType = sourcecode.swift; name = LogInViewController.swift; path = "../../../../../Downloads/Flash-Chat-iOS11-master/Flash Chat/LogInViewController.swift"; sourceTree = "<group>"; };
		F4C7D5362042C65600337E2C /* PackingListViewController.swift */ = {isa = PBXFileReference; lastKnownFileType = sourcecode.swift; path = PackingListViewController.swift; sourceTree = "<group>"; };
		F4C7D538204323F500337E2C /* AnagraficaArticoli.swift */ = {isa = PBXFileReference; lastKnownFileType = sourcecode.swift; path = AnagraficaArticoli.swift; sourceTree = "<group>"; };
		F4C7D53A204326E100337E2C /* AnagraficaArticoliTableViewController.swift */ = {isa = PBXFileReference; lastKnownFileType = sourcecode.swift; path = AnagraficaArticoliTableViewController.swift; sourceTree = "<group>"; };
		F4C7D53C20432E4700337E2C /* InsertAnagraficaArticoloViewController.swift */ = {isa = PBXFileReference; lastKnownFileType = sourcecode.swift; path = InsertAnagraficaArticoloViewController.swift; sourceTree = "<group>"; };
		F4D08A2520B4407B00702E6B /* ManutenzioniTableViewController.swift */ = {isa = PBXFileReference; lastKnownFileType = sourcecode.swift; path = ManutenzioniTableViewController.swift; sourceTree = "<group>"; };
		F4E4172220EC123F005F6375 /* CFNetwork.framework */ = {isa = PBXFileReference; lastKnownFileType = wrapper.framework; name = CFNetwork.framework; path = System/Library/Frameworks/CFNetwork.framework; sourceTree = SDKROOT; };
		F4E4172420EC1266005F6375 /* Foundation.framework */ = {isa = PBXFileReference; lastKnownFileType = wrapper.framework; name = Foundation.framework; path = System/Library/Frameworks/Foundation.framework; sourceTree = SDKROOT; };
		F4E4172620EC127B005F6375 /* MobileCoreServices.framework */ = {isa = PBXFileReference; lastKnownFileType = wrapper.framework; name = MobileCoreServices.framework; path = System/Library/Frameworks/MobileCoreServices.framework; sourceTree = SDKROOT; };
		F4E4172820EC1288005F6375 /* Security.framework */ = {isa = PBXFileReference; lastKnownFileType = wrapper.framework; name = Security.framework; path = System/Library/Frameworks/Security.framework; sourceTree = SDKROOT; };
		F4E4172A20EC1291005F6375 /* SystemConfiguration.framework */ = {isa = PBXFileReference; lastKnownFileType = wrapper.framework; name = SystemConfiguration.framework; path = System/Library/Frameworks/SystemConfiguration.framework; sourceTree = SDKROOT; };
		F4E800482003201A002347DE /* InsertDataViewController.swift */ = {isa = PBXFileReference; lastKnownFileType = sourcecode.swift; path = InsertDataViewController.swift; sourceTree = "<group>"; };
		F4EE0EEB20F6283B006F16C9 /* Pods_it_cgr_riciclodelpet.framework */ = {isa = PBXFileReference; lastKnownFileType = wrapper.framework; name = Pods_it_cgr_riciclodelpet.framework; path = "../../../Library/Developer/Xcode/DerivedData/it.cgr-riciclodelpet-eczenvoqkdkyhmbsnwgwhdyohtfj/Build/Products/Debug-iphonesimulator/Pods_it_cgr_riciclodelpet.framework"; sourceTree = "<group>"; };
		F4F0E66D20820D8600A0A217 /* MacchinariTableViewCell.swift */ = {isa = PBXFileReference; lastKnownFileType = sourcecode.swift; path = MacchinariTableViewCell.swift; sourceTree = "<group>"; };
		F4F0E66F20820DC700A0A217 /* MacchinariTableViewController.swift */ = {isa = PBXFileReference; lastKnownFileType = sourcecode.swift; path = MacchinariTableViewController.swift; sourceTree = "<group>"; };
		F4F0E671208214B000A0A217 /* InsertMacchinarioViewController.swift */ = {isa = PBXFileReference; lastKnownFileType = sourcecode.swift; path = InsertMacchinarioViewController.swift; sourceTree = "<group>"; };
		F4F9CA3B201DEC8C000698C6 /* DettaglioProduzione.swift */ = {isa = PBXFileReference; lastKnownFileType = sourcecode.swift; path = DettaglioProduzione.swift; sourceTree = "<group>"; };
		F4F9CA3F201E6D19000698C6 /* SchedaTecnicaItem.swift */ = {isa = PBXFileReference; lastKnownFileType = sourcecode.swift; name = SchedaTecnicaItem.swift; path = "it.cgr-riciclodelpet/Model/SchedaTecnicaItem.swift"; sourceTree = SOURCE_ROOT; };
		F4F9CA43201E71D4000698C6 /* SchedaTecnicaViewController.swift */ = {isa = PBXFileReference; lastKnownFileType = sourcecode.swift; path = SchedaTecnicaViewController.swift; sourceTree = "<group>"; };
		F4F9CA47202F6F02000698C6 /* InsertRicettaViewController.swift */ = {isa = PBXFileReference; lastKnownFileType = sourcecode.swift; path = InsertRicettaViewController.swift; sourceTree = "<group>"; };
		F4F9CA492037921D000698C6 /* EtichettaViewController.swift */ = {isa = PBXFileReference; lastKnownFileType = sourcecode.swift; path = EtichettaViewController.swift; sourceTree = "<group>"; };
		F4FF1E9A2055B5640029E437 /* last_item.html */ = {isa = PBXFileReference; fileEncoding = 4; lastKnownFileType = text.html; path = last_item.html; sourceTree = "<group>"; };
		F4FF1E9C2055B56C0029E437 /* packingList.html */ = {isa = PBXFileReference; fileEncoding = 4; lastKnownFileType = text.html; name = packingList.html; path = "it.cgr-riciclodelpet/ HTML Templates/packingList.html"; sourceTree = SOURCE_ROOT; };
		F4FF1E9E2055B57B0029E437 /* single_item.html */ = {isa = PBXFileReference; fileEncoding = 4; lastKnownFileType = text.html; path = single_item.html; sourceTree = "<group>"; };
		F4FF1EA62055B8840029E437 /* PackingListComposer.swift */ = {isa = PBXFileReference; lastKnownFileType = sourcecode.swift; path = PackingListComposer.swift; sourceTree = "<group>"; };
		F4FF1EA82055B8ED0029E437 /* PackingListPreviewController.swift */ = {isa = PBXFileReference; lastKnownFileType = sourcecode.swift; path = PackingListPreviewController.swift; sourceTree = "<group>"; };
		F4FF1EAA2055B97A0029E437 /* CustomPrintPageRenderer.swift */ = {isa = PBXFileReference; lastKnownFileType = sourcecode.swift; path = CustomPrintPageRenderer.swift; sourceTree = "<group>"; };
/* End PBXFileReference section */

/* Begin PBXFrameworksBuildPhase section */
		F489DCB51FF6945B00E61B72 /* Frameworks */ = {
			isa = PBXFrameworksBuildPhase;
			buildActionMask = 2147483647;
			files = (
				F4E9145520ECEFC00080C056 /* CFNetwork.framework in Frameworks */,
				F4E9145920ECF0360080C056 /* Security.framework in Frameworks */,
				F4E9145820ECF02B0080C056 /* SystemConfiguration.framework in Frameworks */,
				F4E9145620ECEFD40080C056 /* MobileCoreServices.framework in Frameworks */,
				F4EE0EEC20F6283B006F16C9 /* Pods_it_cgr_riciclodelpet.framework in Frameworks */,
				F4E9145720ECF0020080C056 /* Foundation.framework in Frameworks */,
				BE12CEDBFD457F29CE4900F2 /* Pods_it_cgr_riciclodelpet.framework in Frameworks */,
			);
			runOnlyForDeploymentPostprocessing = 0;
		};
		F489DCC91FF6945B00E61B72 /* Frameworks */ = {
			isa = PBXFrameworksBuildPhase;
			buildActionMask = 2147483647;
			files = (
			);
			runOnlyForDeploymentPostprocessing = 0;
		};
		F489DCD41FF6945B00E61B72 /* Frameworks */ = {
			isa = PBXFrameworksBuildPhase;
			buildActionMask = 2147483647;
			files = (
			);
			runOnlyForDeploymentPostprocessing = 0;
		};
/* End PBXFrameworksBuildPhase section */

/* Begin PBXGroup section */
		90200204B2A15BBFA8B5BCC5 /* Pods */ = {
			isa = PBXGroup;
			children = (
				0A5C1789106A4C7E1C72CFA1 /* Pods-it.cgr-riciclodelpet.debug.xcconfig */,
				2AB661F2E3C894D22D033C74 /* Pods-it.cgr-riciclodelpet.release.xcconfig */,
			);
			name = Pods;
			sourceTree = "<group>";
		};
		BD4DF2D71837875DE8639AF6 /* Frameworks */ = {
			isa = PBXGroup;
			children = (
				F4EE0EEB20F6283B006F16C9 /* Pods_it_cgr_riciclodelpet.framework */,
				F4E4172A20EC1291005F6375 /* SystemConfiguration.framework */,
				F4E4172820EC1288005F6375 /* Security.framework */,
				F4E4172620EC127B005F6375 /* MobileCoreServices.framework */,
				F4E4172420EC1266005F6375 /* Foundation.framework */,
				F4E4172220EC123F005F6375 /* CFNetwork.framework */,
				D74CCD93780B0C56EA9BE1DD /* Pods_it_cgr_riciclodelpet.framework */,
				7612B8CE311723ECF59A953F /* Pods_it_cgr_riciclodelpetTests.framework */,
				63B9CDDF1B26BF53D4ABF37A /* Pods_it_cgr_riciclodelpetUITests.framework */,
			);
			name = Frameworks;
			sourceTree = "<group>";
		};
		F489DCAF1FF6945B00E61B72 = {
			isa = PBXGroup;
			children = (
				F489DCBA1FF6945B00E61B72 /* it.cgr-riciclodelpet */,
				F489DCCF1FF6945B00E61B72 /* it.cgr-riciclodelpetTests */,
				F489DCDA1FF6945B00E61B72 /* it.cgr-riciclodelpetUITests */,
				F489DCB91FF6945B00E61B72 /* Products */,
				90200204B2A15BBFA8B5BCC5 /* Pods */,
				BD4DF2D71837875DE8639AF6 /* Frameworks */,
			);
			sourceTree = "<group>";
		};
		F489DCB91FF6945B00E61B72 /* Products */ = {
			isa = PBXGroup;
			children = (
				F489DCB81FF6945B00E61B72 /* it.cgr-riciclodelpet.app */,
				F489DCCC1FF6945B00E61B72 /* it.cgr-riciclodelpetTests.xctest */,
				F489DCD71FF6945B00E61B72 /* it.cgr-riciclodelpetUITests.xctest */,
			);
			name = Products;
			sourceTree = "<group>";
		};
		F489DCBA1FF6945B00E61B72 /* it.cgr-riciclodelpet */ = {
			isa = PBXGroup;
			children = (
				F4FF1E8D2055AAFE0029E437 /*  HTML Templates */,
				F4AC890B200A98F30049D188 /* Model */,
				F4AC8909200A98500049D188 /* Controller */,
				F489DCE91FF6BA4B00E61B72 /* GoogleService-Info.plist */,
				F489DCBB1FF6945B00E61B72 /* AppDelegate.swift */,
				F489DCBF1FF6945B00E61B72 /* Main.storyboard */,
				F489DCC21FF6945B00E61B72 /* Assets.xcassets */,
				F489DCC41FF6945B00E61B72 /* LaunchScreen.storyboard */,
				F489DCC71FF6945B00E61B72 /* Info.plist */,
			);
			path = "it.cgr-riciclodelpet";
			sourceTree = "<group>";
		};
		F489DCCF1FF6945B00E61B72 /* it.cgr-riciclodelpetTests */ = {
			isa = PBXGroup;
			children = (
				F489DCD01FF6945B00E61B72 /* it_cgr_riciclodelpetTests.swift */,
				F489DCD21FF6945B00E61B72 /* Info.plist */,
			);
			path = "it.cgr-riciclodelpetTests";
			sourceTree = "<group>";
		};
		F489DCDA1FF6945B00E61B72 /* it.cgr-riciclodelpetUITests */ = {
			isa = PBXGroup;
			children = (
				F489DCDB1FF6945B00E61B72 /* it_cgr_riciclodelpetUITests.swift */,
				F489DCDD1FF6945B00E61B72 /* Info.plist */,
			);
			path = "it.cgr-riciclodelpetUITests";
			sourceTree = "<group>";
		};
		F4AC8909200A98500049D188 /* Controller */ = {
			isa = PBXGroup;
			children = (
				F4AC890A200A98670049D188 /* WelcomeViewController.swift */,
				F4AC8913200AB14A0049D188 /* LogInViewController.swift */,
				F4AC8911200AAD6C0049D188 /* RegisterViewController.swift */,
				F47C6352205B15F7000A0B69 /* MenuTableViewController.swift */,
				F489DCED1FF6E88300E61B72 /* FbTableViewController.swift */,
				F4C7D53A204326E100337E2C /* AnagraficaArticoliTableViewController.swift */,
				F47C63622066B498000A0B69 /* AnagraficaLavorazioniTableViewController.swift */,
				F4C7D5362042C65600337E2C /* PackingListViewController.swift */,
				F45C0FB22051F94300B070E7 /* DdtTableViewController.swift */,
				F4F9CA47202F6F02000698C6 /* InsertRicettaViewController.swift */,
				F4C7D53C20432E4700337E2C /* InsertAnagraficaArticoloViewController.swift */,
				F47C63642066B974000A0B69 /* InsertAnagraficaLavorazioneViewController.swift */,
				F4E800482003201A002347DE /* InsertDataViewController.swift */,
				F47C6350205AF5F9000A0B69 /* InsertDataSIViewController.swift */,
				F489A889204F121300C8D981 /* InsertPackingListViewController.swift */,
				F4F0E671208214B000A0A217 /* InsertMacchinarioViewController.swift */,
				F45EC47120DCE52C00360A1C /* InsertIstruzioneViewController.swift */,
				F4F9CA43201E71D4000698C6 /* SchedaTecnicaViewController.swift */,
				F4F9CA492037921D000698C6 /* EtichettaViewController.swift */,
				F45B89392040D51E0054EA97 /* ScannerViewController.swift */,
				F4FF1EAA2055B97A0029E437 /* CustomPrintPageRenderer.swift */,
				F4FF1EA62055B8840029E437 /* PackingListComposer.swift */,
				F47C635A205D2627000A0B69 /* SchedaDiProduzioneComposer.swift */,
				F4FF1EA82055B8ED0029E437 /* PackingListPreviewController.swift */,
				F47C635C205DA123000A0B69 /* SchedaDiProduzionePreviewController.swift */,
				F4795DA82066F1310001B493 /* FilePDFTableViewController.swift */,
				F4F0E66D20820D8600A0A217 /* MacchinariTableViewCell.swift */,
				F4F0E66F20820DC700A0A217 /* MacchinariTableViewController.swift */,
				F45EC46F20DCE01100360A1C /* IstruzioniTableViewController.swift */,
				F4D08A2520B4407B00702E6B /* ManutenzioniTableViewController.swift */,
			);
			path = Controller;
			sourceTree = "<group>";
		};
		F4AC890B200A98F30049D188 /* Model */ = {
			isa = PBXGroup;
			children = (
				F4C7D538204323F500337E2C /* AnagraficaArticoli.swift */,
				F40F28161FFD262100935D7B /* ItemRicetta.swift */,
				F45F482F2078F9CA001020EE /* OrdineManutenzione.swift */,
				F40F281A1FFD267C00935D7B /* ItemProdottoFinito.swift */,
				F4F9CA3B201DEC8C000698C6 /* DettaglioProduzione.swift */,
				F4F9CA3F201E6D19000698C6 /* SchedaTecnicaItem.swift */,
			);
			path = Model;
			sourceTree = "<group>";
		};
		F4FF1E8D2055AAFE0029E437 /*  HTML Templates */ = {
			isa = PBXGroup;
			children = (
				F49575922211F68E007AD734 /* schedaTecnica.html */,
				F4FF1E9A2055B5640029E437 /* last_item.html */,
				F4FF1E9C2055B56C0029E437 /* packingList.html */,
				F47C6354205B3DC8000A0B69 /* schedaDiProduzione.html */,
				F47C6356205B3DEC000A0B69 /* single_itemSP.html */,
				F47C635E2065A31F000A0B69 /* single_item_ricettaSP.html */,
				F47C63602065A388000A0B69 /* last_item_ricettaSP.html */,
				F47C6358205B3DFE000A0B69 /* last_itemSP.html */,
				F4FF1E9E2055B57B0029E437 /* single_item.html */,
				F47C63482056A731000A0B69 /* LogoCGR-150dpi-RGB.jpg */,
				F47C634C2056C21C000A0B69 /* LogoCGR-150dpi-RGB.png */,
			);
			path = " HTML Templates";
			sourceTree = "<group>";
		};
/* End PBXGroup section */

/* Begin PBXNativeTarget section */
		F489DCB71FF6945B00E61B72 /* it.cgr-riciclodelpet */ = {
			isa = PBXNativeTarget;
			buildConfigurationList = F489DCE01FF6945B00E61B72 /* Build configuration list for PBXNativeTarget "it.cgr-riciclodelpet" */;
			buildPhases = (
				7732CBCE08A29CD20AD7D630 /* [CP] Check Pods Manifest.lock */,
				F489DCB41FF6945B00E61B72 /* Sources */,
				F489DCB51FF6945B00E61B72 /* Frameworks */,
				F489DCB61FF6945B00E61B72 /* Resources */,
				92EE26994BFDE371E5F47CCA /* [CP] Embed Pods Frameworks */,
			);
			buildRules = (
			);
			dependencies = (
			);
			name = "it.cgr-riciclodelpet";
			productName = "it.cgr-riciclodelpet";
			productReference = F489DCB81FF6945B00E61B72 /* it.cgr-riciclodelpet.app */;
			productType = "com.apple.product-type.application";
		};
		F489DCCB1FF6945B00E61B72 /* it.cgr-riciclodelpetTests */ = {
			isa = PBXNativeTarget;
			buildConfigurationList = F489DCE31FF6945B00E61B72 /* Build configuration list for PBXNativeTarget "it.cgr-riciclodelpetTests" */;
			buildPhases = (
				F489DCC81FF6945B00E61B72 /* Sources */,
				F489DCC91FF6945B00E61B72 /* Frameworks */,
				F489DCCA1FF6945B00E61B72 /* Resources */,
			);
			buildRules = (
			);
			dependencies = (
				F489DCCE1FF6945B00E61B72 /* PBXTargetDependency */,
			);
			name = "it.cgr-riciclodelpetTests";
			productName = "it.cgr-riciclodelpetTests";
			productReference = F489DCCC1FF6945B00E61B72 /* it.cgr-riciclodelpetTests.xctest */;
			productType = "com.apple.product-type.bundle.unit-test";
		};
		F489DCD61FF6945B00E61B72 /* it.cgr-riciclodelpetUITests */ = {
			isa = PBXNativeTarget;
			buildConfigurationList = F489DCE61FF6945B00E61B72 /* Build configuration list for PBXNativeTarget "it.cgr-riciclodelpetUITests" */;
			buildPhases = (
				F489DCD31FF6945B00E61B72 /* Sources */,
				F489DCD41FF6945B00E61B72 /* Frameworks */,
				F489DCD51FF6945B00E61B72 /* Resources */,
			);
			buildRules = (
			);
			dependencies = (
				F489DCD91FF6945B00E61B72 /* PBXTargetDependency */,
			);
			name = "it.cgr-riciclodelpetUITests";
			productName = "it.cgr-riciclodelpetUITests";
			productReference = F489DCD71FF6945B00E61B72 /* it.cgr-riciclodelpetUITests.xctest */;
			productType = "com.apple.product-type.bundle.ui-testing";
		};
/* End PBXNativeTarget section */

/* Begin PBXProject section */
		F489DCB01FF6945B00E61B72 /* Project object */ = {
			isa = PBXProject;
			attributes = {
				LastSwiftUpdateCheck = 0920;
				LastUpgradeCheck = 0930;
				ORGANIZATIONNAME = "Alberto Rimini";
				TargetAttributes = {
					F489DCB71FF6945B00E61B72 = {
						CreatedOnToolsVersion = 9.2;
						ProvisioningStyle = Automatic;
					};
					F489DCCB1FF6945B00E61B72 = {
						CreatedOnToolsVersion = 9.2;
						ProvisioningStyle = Automatic;
						TestTargetID = F489DCB71FF6945B00E61B72;
					};
					F489DCD61FF6945B00E61B72 = {
						CreatedOnToolsVersion = 9.2;
						ProvisioningStyle = Automatic;
						TestTargetID = F489DCB71FF6945B00E61B72;
					};
				};
			};
			buildConfigurationList = F489DCB31FF6945B00E61B72 /* Build configuration list for PBXProject "it.cgr-riciclodelpet" */;
			compatibilityVersion = "Xcode 8.0";
			developmentRegion = en;
			hasScannedForEncodings = 0;
			knownRegions = (
				en,
				Base,
			);
			mainGroup = F489DCAF1FF6945B00E61B72;
			productRefGroup = F489DCB91FF6945B00E61B72 /* Products */;
			projectDirPath = "";
			projectRoot = "";
			targets = (
				F489DCB71FF6945B00E61B72 /* it.cgr-riciclodelpet */,
				F489DCCB1FF6945B00E61B72 /* it.cgr-riciclodelpetTests */,
				F489DCD61FF6945B00E61B72 /* it.cgr-riciclodelpetUITests */,
			);
		};
/* End PBXProject section */

/* Begin PBXResourcesBuildPhase section */
		F489DCB61FF6945B00E61B72 /* Resources */ = {
			isa = PBXResourcesBuildPhase;
			buildActionMask = 2147483647;
			files = (
				F47C6359205B3DFE000A0B69 /* last_itemSP.html in Resources */,
				F47C6355205B3DC8000A0B69 /* schedaDiProduzione.html in Resources */,
				F4FF1E9F2055B57B0029E437 /* single_item.html in Resources */,
				F47C635F2065A31F000A0B69 /* single_item_ricettaSP.html in Resources */,
				F489DCC61FF6945B00E61B72 /* LaunchScreen.storyboard in Resources */,
				F49575932211F68E007AD734 /* schedaTecnica.html in Resources */,
				F47C63492056A731000A0B69 /* LogoCGR-150dpi-RGB.jpg in Resources */,
				F47C6357205B3DEC000A0B69 /* single_itemSP.html in Resources */,
				F47C63612065A388000A0B69 /* last_item_ricettaSP.html in Resources */,
				F4FF1E9B2055B5640029E437 /* last_item.html in Resources */,
				F489DCEA1FF6BA4B00E61B72 /* GoogleService-Info.plist in Resources */,
				F47C634D2056C21C000A0B69 /* LogoCGR-150dpi-RGB.png in Resources */,
				F489DCC31FF6945B00E61B72 /* Assets.xcassets in Resources */,
				F4FF1E9D2055B56C0029E437 /* packingList.html in Resources */,
				F489DCC11FF6945B00E61B72 /* Main.storyboard in Resources */,
			);
			runOnlyForDeploymentPostprocessing = 0;
		};
		F489DCCA1FF6945B00E61B72 /* Resources */ = {
			isa = PBXResourcesBuildPhase;
			buildActionMask = 2147483647;
			files = (
				F489DCEB1FF6BA4B00E61B72 /* GoogleService-Info.plist in Resources */,
			);
			runOnlyForDeploymentPostprocessing = 0;
		};
		F489DCD51FF6945B00E61B72 /* Resources */ = {
			isa = PBXResourcesBuildPhase;
			buildActionMask = 2147483647;
			files = (
				F489DCEC1FF6BA4B00E61B72 /* GoogleService-Info.plist in Resources */,
			);
			runOnlyForDeploymentPostprocessing = 0;
		};
/* End PBXResourcesBuildPhase section */

/* Begin PBXShellScriptBuildPhase section */
		7732CBCE08A29CD20AD7D630 /* [CP] Check Pods Manifest.lock */ = {
			isa = PBXShellScriptBuildPhase;
			buildActionMask = 12;
			files = (
			);
			inputPaths = (
				"${PODS_PODFILE_DIR_PATH}/Podfile.lock",
				"${PODS_ROOT}/Manifest.lock",
			);
			name = "[CP] Check Pods Manifest.lock";
			outputPaths = (
				"$(DERIVED_FILE_DIR)/Pods-it.cgr-riciclodelpet-checkManifestLockResult.txt",
			);
			runOnlyForDeploymentPostprocessing = 0;
			shellPath = /bin/sh;
			shellScript = "diff \"${PODS_PODFILE_DIR_PATH}/Podfile.lock\" \"${PODS_ROOT}/Manifest.lock\" > /dev/null\nif [ $? != 0 ] ; then\n    # print error to STDERR\n    echo \"error: The sandbox is not in sync with the Podfile.lock. Run 'pod install' or update your CocoaPods installation.\" >&2\n    exit 1\nfi\n# This output is used by Xcode 'outputs' to avoid re-running this script phase.\necho \"SUCCESS\" > \"${SCRIPT_OUTPUT_FILE_0}\"\n";
		};
		92EE26994BFDE371E5F47CCA /* [CP] Embed Pods Frameworks */ = {
			isa = PBXShellScriptBuildPhase;
			buildActionMask = 12;
			files = (
			);
			inputPaths = (
				"${SRCROOT}/Pods/Target Support Files/Pods-it.cgr-riciclodelpet/Pods-it.cgr-riciclodelpet-frameworks.sh",
				"${BUILT_PRODUCTS_DIR}/GTMSessionFetcher/GTMSessionFetcher.framework",
				"${BUILT_PRODUCTS_DIR}/GoogleToolboxForMac/GoogleToolboxForMac.framework",
				"${BUILT_PRODUCTS_DIR}/Kingfisher/Kingfisher.framework",
				"${BUILT_PRODUCTS_DIR}/leveldb-library/leveldb.framework",
				"${BUILT_PRODUCTS_DIR}/nanopb/nanopb.framework",
			);
			name = "[CP] Embed Pods Frameworks";
			outputPaths = (
				"${TARGET_BUILD_DIR}/${FRAMEWORKS_FOLDER_PATH}/GTMSessionFetcher.framework",
				"${TARGET_BUILD_DIR}/${FRAMEWORKS_FOLDER_PATH}/GoogleToolboxForMac.framework",
				"${TARGET_BUILD_DIR}/${FRAMEWORKS_FOLDER_PATH}/Kingfisher.framework",
				"${TARGET_BUILD_DIR}/${FRAMEWORKS_FOLDER_PATH}/leveldb.framework",
				"${TARGET_BUILD_DIR}/${FRAMEWORKS_FOLDER_PATH}/nanopb.framework",
			);
			runOnlyForDeploymentPostprocessing = 0;
			shellPath = /bin/sh;
			shellScript = "\"${SRCROOT}/Pods/Target Support Files/Pods-it.cgr-riciclodelpet/Pods-it.cgr-riciclodelpet-frameworks.sh\"\n";
		};
/* End PBXShellScriptBuildPhase section */

/* Begin PBXSourcesBuildPhase section */
		F489DCB41FF6945B00E61B72 /* Sources */ = {
			isa = PBXSourcesBuildPhase;
			buildActionMask = 2147483647;
			files = (
				F4F9CA3C201DEC8C000698C6 /* DettaglioProduzione.swift in Sources */,
				F4AC8912200AAD6C0049D188 /* RegisterViewController.swift in Sources */,
				F47C635B205D2627000A0B69 /* SchedaDiProduzioneComposer.swift in Sources */,
				F45C0FB32051F94300B070E7 /* DdtTableViewController.swift in Sources */,
				F45EC47020DCE01100360A1C /* IstruzioniTableViewController.swift in Sources */,
				F4C7D5372042C65600337E2C /* PackingListViewController.swift in Sources */,
				F4D08A2620B4407B00702E6B /* ManutenzioniTableViewController.swift in Sources */,
				F40F281B1FFD267C00935D7B /* ItemProdottoFinito.swift in Sources */,
				F4AC8910200A9A7C0049D188 /* WelcomeViewController.swift in Sources */,
				F4C7D53D20432E4700337E2C /* InsertAnagraficaArticoloViewController.swift in Sources */,
				F4FF1EAB2055B97A0029E437 /* CustomPrintPageRenderer.swift in Sources */,
				F4C7D539204323F500337E2C /* AnagraficaArticoli.swift in Sources */,
				F4F0E66E20820D8600A0A217 /* MacchinariTableViewCell.swift in Sources */,
				F489A88A204F121300C8D981 /* InsertPackingListViewController.swift in Sources */,
				F47C6351205AF5F9000A0B69 /* InsertDataSIViewController.swift in Sources */,
				F4E800492003201A002347DE /* InsertDataViewController.swift in Sources */,
				F47C63652066B974000A0B69 /* InsertAnagraficaLavorazioneViewController.swift in Sources */,
				F4F9CA4A2037921D000698C6 /* EtichettaViewController.swift in Sources */,
				F4F9CA48202F6F02000698C6 /* InsertRicettaViewController.swift in Sources */,
				F4F9CA40201E6D19000698C6 /* SchedaTecnicaItem.swift in Sources */,
				F4F0E672208214B000A0A217 /* InsertMacchinarioViewController.swift in Sources */,
				F489DCEE1FF6E88300E61B72 /* FbTableViewController.swift in Sources */,
				F4795DA92066F1310001B493 /* FilePDFTableViewController.swift in Sources */,
				F45F48302078F9CA001020EE /* OrdineManutenzione.swift in Sources */,
				F45EC47220DCE52C00360A1C /* InsertIstruzioneViewController.swift in Sources */,
				F4C7D53B204326E100337E2C /* AnagraficaArticoliTableViewController.swift in Sources */,
				F47C6353205B15F7000A0B69 /* MenuTableViewController.swift in Sources */,
				F40F28171FFD262100935D7B /* ItemRicetta.swift in Sources */,
				F4AC8914200AB14A0049D188 /* LogInViewController.swift in Sources */,
				F4F9CA44201E71D4000698C6 /* SchedaTecnicaViewController.swift in Sources */,
				F4FF1EA92055B8ED0029E437 /* PackingListPreviewController.swift in Sources */,
				F4F0E67020820DC700A0A217 /* MacchinariTableViewController.swift in Sources */,
				F47C63632066B498000A0B69 /* AnagraficaLavorazioniTableViewController.swift in Sources */,
				F4FF1EA72055B8840029E437 /* PackingListComposer.swift in Sources */,
				F45B893A2040D51E0054EA97 /* ScannerViewController.swift in Sources */,
				F47C635D205DA123000A0B69 /* SchedaDiProduzionePreviewController.swift in Sources */,
				F489DCBC1FF6945B00E61B72 /* AppDelegate.swift in Sources */,
			);
			runOnlyForDeploymentPostprocessing = 0;
		};
		F489DCC81FF6945B00E61B72 /* Sources */ = {
			isa = PBXSourcesBuildPhase;
			buildActionMask = 2147483647;
			files = (
				F4F9CA3E201DEC92000698C6 /* DettaglioProduzione.swift in Sources */,
				F489DCD11FF6945B00E61B72 /* it_cgr_riciclodelpetTests.swift in Sources */,
				F4F9CA42201E6D1E000698C6 /* SchedaTecnicaItem.swift in Sources */,
				F489DCEF1FF6E88300E61B72 /* FbTableViewController.swift in Sources */,
				F40F281C1FFD267C00935D7B /* ItemProdottoFinito.swift in Sources */,
				F40F28181FFD262100935D7B /* ItemRicetta.swift in Sources */,
				F4AC890C200A991E0049D188 /* InsertDataViewController.swift in Sources */,
			);
			runOnlyForDeploymentPostprocessing = 0;
		};
		F489DCD31FF6945B00E61B72 /* Sources */ = {
			isa = PBXSourcesBuildPhase;
			buildActionMask = 2147483647;
			files = (
				F4F9CA3D201DEC92000698C6 /* DettaglioProduzione.swift in Sources */,
				F489DCDC1FF6945B00E61B72 /* it_cgr_riciclodelpetUITests.swift in Sources */,
				F4F9CA41201E6D1E000698C6 /* SchedaTecnicaItem.swift in Sources */,
				F489DCF01FF6E88300E61B72 /* FbTableViewController.swift in Sources */,
				F40F281D1FFD267C00935D7B /* ItemProdottoFinito.swift in Sources */,
				F40F28191FFD262100935D7B /* ItemRicetta.swift in Sources */,
				F4AC890D200A991E0049D188 /* InsertDataViewController.swift in Sources */,
			);
			runOnlyForDeploymentPostprocessing = 0;
		};
/* End PBXSourcesBuildPhase section */

/* Begin PBXTargetDependency section */
		F489DCCE1FF6945B00E61B72 /* PBXTargetDependency */ = {
			isa = PBXTargetDependency;
			target = F489DCB71FF6945B00E61B72 /* it.cgr-riciclodelpet */;
			targetProxy = F489DCCD1FF6945B00E61B72 /* PBXContainerItemProxy */;
		};
		F489DCD91FF6945B00E61B72 /* PBXTargetDependency */ = {
			isa = PBXTargetDependency;
			target = F489DCB71FF6945B00E61B72 /* it.cgr-riciclodelpet */;
			targetProxy = F489DCD81FF6945B00E61B72 /* PBXContainerItemProxy */;
		};
/* End PBXTargetDependency section */

/* Begin PBXVariantGroup section */
		F489DCBF1FF6945B00E61B72 /* Main.storyboard */ = {
			isa = PBXVariantGroup;
			children = (
				F489DCC01FF6945B00E61B72 /* Base */,
			);
			name = Main.storyboard;
			sourceTree = "<group>";
		};
		F489DCC41FF6945B00E61B72 /* LaunchScreen.storyboard */ = {
			isa = PBXVariantGroup;
			children = (
				F489DCC51FF6945B00E61B72 /* Base */,
			);
			name = LaunchScreen.storyboard;
			sourceTree = "<group>";
		};
/* End PBXVariantGroup section */

/* Begin XCBuildConfiguration section */
		F489DCDE1FF6945B00E61B72 /* Debug */ = {
			isa = XCBuildConfiguration;
			buildSettings = {
				ALWAYS_EMBED_SWIFT_STANDARD_LIBRARIES = YES;
				ALWAYS_SEARCH_USER_PATHS = NO;
				CLANG_ANALYZER_NONNULL = YES;
				CLANG_ANALYZER_NUMBER_OBJECT_CONVERSION = YES_AGGRESSIVE;
				CLANG_CXX_LANGUAGE_STANDARD = "gnu++14";
				CLANG_CXX_LIBRARY = "libc++";
				CLANG_ENABLE_MODULES = YES;
				CLANG_ENABLE_OBJC_ARC = YES;
				CLANG_WARN_BLOCK_CAPTURE_AUTORELEASING = YES;
				CLANG_WARN_BOOL_CONVERSION = YES;
				CLANG_WARN_COMMA = YES;
				CLANG_WARN_CONSTANT_CONVERSION = YES;
				CLANG_WARN_DEPRECATED_OBJC_IMPLEMENTATIONS = YES;
				CLANG_WARN_DIRECT_OBJC_ISA_USAGE = YES_ERROR;
				CLANG_WARN_DOCUMENTATION_COMMENTS = YES;
				CLANG_WARN_EMPTY_BODY = YES;
				CLANG_WARN_ENUM_CONVERSION = YES;
				CLANG_WARN_INFINITE_RECURSION = YES;
				CLANG_WARN_INT_CONVERSION = YES;
				CLANG_WARN_NON_LITERAL_NULL_CONVERSION = YES;
				CLANG_WARN_OBJC_IMPLICIT_RETAIN_SELF = YES;
				CLANG_WARN_OBJC_LITERAL_CONVERSION = YES;
				CLANG_WARN_OBJC_ROOT_CLASS = YES_ERROR;
				CLANG_WARN_RANGE_LOOP_ANALYSIS = YES;
				CLANG_WARN_STRICT_PROTOTYPES = YES;
				CLANG_WARN_SUSPICIOUS_MOVE = YES;
				CLANG_WARN_UNGUARDED_AVAILABILITY = YES_AGGRESSIVE;
				CLANG_WARN_UNREACHABLE_CODE = YES;
				CLANG_WARN__DUPLICATE_METHOD_MATCH = YES;
				CODE_SIGN_IDENTITY = "iPhone Developer";
				COPY_PHASE_STRIP = NO;
				DEBUG_INFORMATION_FORMAT = dwarf;
				ENABLE_BITCODE = NO;
				ENABLE_STRICT_OBJC_MSGSEND = YES;
				ENABLE_TESTABILITY = YES;
				GCC_C_LANGUAGE_STANDARD = gnu11;
				GCC_DYNAMIC_NO_PIC = NO;
				GCC_NO_COMMON_BLOCKS = YES;
				GCC_OPTIMIZATION_LEVEL = 0;
				GCC_PREPROCESSOR_DEFINITIONS = (
					"DEBUG=1",
					"$(inherited)",
				);
				GCC_WARN_64_TO_32_BIT_CONVERSION = YES;
				GCC_WARN_ABOUT_RETURN_TYPE = YES_ERROR;
				GCC_WARN_UNDECLARED_SELECTOR = YES;
				GCC_WARN_UNINITIALIZED_AUTOS = YES_AGGRESSIVE;
				GCC_WARN_UNUSED_FUNCTION = YES;
				GCC_WARN_UNUSED_VARIABLE = YES;
				IPHONEOS_DEPLOYMENT_TARGET = 11.2;
				MTL_ENABLE_DEBUG_INFO = YES;
				ONLY_ACTIVE_ARCH = YES;
				SDKROOT = iphoneos;
				SWIFT_ACTIVE_COMPILATION_CONDITIONS = DEBUG;
				SWIFT_OPTIMIZATION_LEVEL = "-Onone";
			};
			name = Debug;
		};
		F489DCDF1FF6945B00E61B72 /* Release */ = {
			isa = XCBuildConfiguration;
			buildSettings = {
				ALWAYS_EMBED_SWIFT_STANDARD_LIBRARIES = YES;
				ALWAYS_SEARCH_USER_PATHS = NO;
				CLANG_ANALYZER_NONNULL = YES;
				CLANG_ANALYZER_NUMBER_OBJECT_CONVERSION = YES_AGGRESSIVE;
				CLANG_CXX_LANGUAGE_STANDARD = "gnu++14";
				CLANG_CXX_LIBRARY = "libc++";
				CLANG_ENABLE_MODULES = YES;
				CLANG_ENABLE_OBJC_ARC = YES;
				CLANG_WARN_BLOCK_CAPTURE_AUTORELEASING = YES;
				CLANG_WARN_BOOL_CONVERSION = YES;
				CLANG_WARN_COMMA = YES;
				CLANG_WARN_CONSTANT_CONVERSION = YES;
				CLANG_WARN_DEPRECATED_OBJC_IMPLEMENTATIONS = YES;
				CLANG_WARN_DIRECT_OBJC_ISA_USAGE = YES_ERROR;
				CLANG_WARN_DOCUMENTATION_COMMENTS = YES;
				CLANG_WARN_EMPTY_BODY = YES;
				CLANG_WARN_ENUM_CONVERSION = YES;
				CLANG_WARN_INFINITE_RECURSION = YES;
				CLANG_WARN_INT_CONVERSION = YES;
				CLANG_WARN_NON_LITERAL_NULL_CONVERSION = YES;
				CLANG_WARN_OBJC_IMPLICIT_RETAIN_SELF = YES;
				CLANG_WARN_OBJC_LITERAL_CONVERSION = YES;
				CLANG_WARN_OBJC_ROOT_CLASS = YES_ERROR;
				CLANG_WARN_RANGE_LOOP_ANALYSIS = YES;
				CLANG_WARN_STRICT_PROTOTYPES = YES;
				CLANG_WARN_SUSPICIOUS_MOVE = YES;
				CLANG_WARN_UNGUARDED_AVAILABILITY = YES_AGGRESSIVE;
				CLANG_WARN_UNREACHABLE_CODE = YES;
				CLANG_WARN__DUPLICATE_METHOD_MATCH = YES;
				CODE_SIGN_IDENTITY = "iPhone Developer";
				COPY_PHASE_STRIP = NO;
				DEBUG_INFORMATION_FORMAT = "dwarf-with-dsym";
				ENABLE_BITCODE = NO;
				ENABLE_NS_ASSERTIONS = NO;
				ENABLE_STRICT_OBJC_MSGSEND = YES;
				GCC_C_LANGUAGE_STANDARD = gnu11;
				GCC_NO_COMMON_BLOCKS = YES;
				GCC_WARN_64_TO_32_BIT_CONVERSION = YES;
				GCC_WARN_ABOUT_RETURN_TYPE = YES_ERROR;
				GCC_WARN_UNDECLARED_SELECTOR = YES;
				GCC_WARN_UNINITIALIZED_AUTOS = YES_AGGRESSIVE;
				GCC_WARN_UNUSED_FUNCTION = YES;
				GCC_WARN_UNUSED_VARIABLE = YES;
				IPHONEOS_DEPLOYMENT_TARGET = 11.2;
				MTL_ENABLE_DEBUG_INFO = NO;
				SDKROOT = iphoneos;
				SWIFT_OPTIMIZATION_LEVEL = "-Owholemodule";
				VALIDATE_PRODUCT = YES;
			};
			name = Release;
		};
		F489DCE11FF6945B00E61B72 /* Debug */ = {
			isa = XCBuildConfiguration;
			baseConfigurationReference = 0A5C1789106A4C7E1C72CFA1 /* Pods-it.cgr-riciclodelpet.debug.xcconfig */;
			buildSettings = {
				ASSETCATALOG_COMPILER_APPICON_NAME = AppIcon;
				CODE_SIGN_STYLE = Automatic;
				DEVELOPMENT_TEAM = VPG69829U5;
				INFOPLIST_FILE = "it.cgr-riciclodelpet/Info.plist";
				LD_RUNPATH_SEARCH_PATHS = "$(inherited) @executable_path/Frameworks";
				PRODUCT_BUNDLE_IDENTIFIER = "it.cgr-riciclodelpet";
				PRODUCT_NAME = "$(TARGET_NAME)";
				SWIFT_VERSION = 4.0;
				TARGETED_DEVICE_FAMILY = "1,2";
			};
			name = Debug;
		};
		F489DCE21FF6945B00E61B72 /* Release */ = {
			isa = XCBuildConfiguration;
			baseConfigurationReference = 2AB661F2E3C894D22D033C74 /* Pods-it.cgr-riciclodelpet.release.xcconfig */;
			buildSettings = {
				ASSETCATALOG_COMPILER_APPICON_NAME = AppIcon;
				CODE_SIGN_STYLE = Automatic;
				DEVELOPMENT_TEAM = VPG69829U5;
				INFOPLIST_FILE = "it.cgr-riciclodelpet/Info.plist";
				LD_RUNPATH_SEARCH_PATHS = "$(inherited) @executable_path/Frameworks";
				PRODUCT_BUNDLE_IDENTIFIER = "it.cgr-riciclodelpet";
				PRODUCT_NAME = "$(TARGET_NAME)";
				SWIFT_VERSION = 4.0;
				TARGETED_DEVICE_FAMILY = "1,2";
			};
			name = Release;
		};
		F489DCE41FF6945B00E61B72 /* Debug */ = {
			isa = XCBuildConfiguration;
			buildSettings = {
				ALWAYS_EMBED_SWIFT_STANDARD_LIBRARIES = YES;
				BUNDLE_LOADER = "$(TEST_HOST)";
				CODE_SIGN_STYLE = Automatic;
				INFOPLIST_FILE = "it.cgr-riciclodelpetTests/Info.plist";
				LD_RUNPATH_SEARCH_PATHS = "$(inherited) @executable_path/Frameworks @loader_path/Frameworks";
				PRODUCT_BUNDLE_IDENTIFIER = "cgr.it-cgr-riciclodelpetTests";
				PRODUCT_NAME = "$(TARGET_NAME)";
				SWIFT_VERSION = 4.0;
				TARGETED_DEVICE_FAMILY = "1,2";
				TEST_HOST = "$(BUILT_PRODUCTS_DIR)/it.cgr-riciclodelpet.app/it.cgr-riciclodelpet";
			};
			name = Debug;
		};
		F489DCE51FF6945B00E61B72 /* Release */ = {
			isa = XCBuildConfiguration;
			buildSettings = {
				ALWAYS_EMBED_SWIFT_STANDARD_LIBRARIES = YES;
				BUNDLE_LOADER = "$(TEST_HOST)";
				CODE_SIGN_STYLE = Automatic;
				INFOPLIST_FILE = "it.cgr-riciclodelpetTests/Info.plist";
				LD_RUNPATH_SEARCH_PATHS = "$(inherited) @executable_path/Frameworks @loader_path/Frameworks";
				PRODUCT_BUNDLE_IDENTIFIER = "cgr.it-cgr-riciclodelpetTests";
				PRODUCT_NAME = "$(TARGET_NAME)";
				SWIFT_VERSION = 4.0;
				TARGETED_DEVICE_FAMILY = "1,2";
				TEST_HOST = "$(BUILT_PRODUCTS_DIR)/it.cgr-riciclodelpet.app/it.cgr-riciclodelpet";
			};
			name = Release;
		};
		F489DCE71FF6945B00E61B72 /* Debug */ = {
			isa = XCBuildConfiguration;
			buildSettings = {
				ALWAYS_EMBED_SWIFT_STANDARD_LIBRARIES = YES;
				CODE_SIGN_STYLE = Automatic;
				INFOPLIST_FILE = "it.cgr-riciclodelpetUITests/Info.plist";
				LD_RUNPATH_SEARCH_PATHS = "$(inherited) @executable_path/Frameworks @loader_path/Frameworks";
				PRODUCT_BUNDLE_IDENTIFIER = "cgr.it-cgr-riciclodelpetUITests";
				PRODUCT_NAME = "$(TARGET_NAME)";
				SWIFT_VERSION = 4.0;
				TARGETED_DEVICE_FAMILY = "1,2";
				TEST_TARGET_NAME = "it.cgr-riciclodelpet";
			};
			name = Debug;
		};
		F489DCE81FF6945B00E61B72 /* Release */ = {
			isa = XCBuildConfiguration;
			buildSettings = {
				ALWAYS_EMBED_SWIFT_STANDARD_LIBRARIES = YES;
				CODE_SIGN_STYLE = Automatic;
				INFOPLIST_FILE = "it.cgr-riciclodelpetUITests/Info.plist";
				LD_RUNPATH_SEARCH_PATHS = "$(inherited) @executable_path/Frameworks @loader_path/Frameworks";
				PRODUCT_BUNDLE_IDENTIFIER = "cgr.it-cgr-riciclodelpetUITests";
				PRODUCT_NAME = "$(TARGET_NAME)";
				SWIFT_VERSION = 4.0;
				TARGETED_DEVICE_FAMILY = "1,2";
				TEST_TARGET_NAME = "it.cgr-riciclodelpet";
			};
			name = Release;
		};
/* End XCBuildConfiguration section */

/* Begin XCConfigurationList section */
		F489DCB31FF6945B00E61B72 /* Build configuration list for PBXProject "it.cgr-riciclodelpet" */ = {
			isa = XCConfigurationList;
			buildConfigurations = (
				F489DCDE1FF6945B00E61B72 /* Debug */,
				F489DCDF1FF6945B00E61B72 /* Release */,
			);
			defaultConfigurationIsVisible = 0;
			defaultConfigurationName = Release;
		};
		F489DCE01FF6945B00E61B72 /* Build configuration list for PBXNativeTarget "it.cgr-riciclodelpet" */ = {
			isa = XCConfigurationList;
			buildConfigurations = (
				F489DCE11FF6945B00E61B72 /* Debug */,
				F489DCE21FF6945B00E61B72 /* Release */,
			);
			defaultConfigurationIsVisible = 0;
			defaultConfigurationName = Release;
		};
		F489DCE31FF6945B00E61B72 /* Build configuration list for PBXNativeTarget "it.cgr-riciclodelpetTests" */ = {
			isa = XCConfigurationList;
			buildConfigurations = (
				F489DCE41FF6945B00E61B72 /* Debug */,
				F489DCE51FF6945B00E61B72 /* Release */,
			);
			defaultConfigurationIsVisible = 0;
			defaultConfigurationName = Release;
		};
		F489DCE61FF6945B00E61B72 /* Build configuration list for PBXNativeTarget "it.cgr-riciclodelpetUITests" */ = {
			isa = XCConfigurationList;
			buildConfigurations = (
				F489DCE71FF6945B00E61B72 /* Debug */,
				F489DCE81FF6945B00E61B72 /* Release */,
			);
			defaultConfigurationIsVisible = 0;
			defaultConfigurationName = Release;
		};
/* End XCConfigurationList section */
	};
	rootObject = F489DCB01FF6945B00E61B72 /* Project object */;
}
